
Microsoft Visual Studio Solution File, Format Version 12.00
# Visual Studio 14
VisualStudioVersion = 14.0.23107.0
MinimumVisualStudioVersion = 10.0.40219.1
Project("{FAE04EC0-301F-11D3-BF4B-00C04F79EFBC}") = "DGVColumnSelector", "DGVColumnSelector\DGVColumnSelector.csproj", "{B8A1BD25-7B87-4F1B-90D4-1D193C6170F7}"
EndProject
Global
	GlobalSection(SolutionConfigurationPlatforms) = preSolution
		Debug|Any CPU = Debug|Any CPU
		Release|Any CPU = Release|Any CPU
	EndGlobalSection
	GlobalSection(ProjectConfigurationPlatforms) = postSolution
		{B8A1BD25-7B87-4F1B-90D4-1D193C6170F7}.Debug|Any CPU.ActiveCfg = Debug|Any CPU
		{B8A1BD25-7B87-4F1B-90D4-1D193C6170F7}.Debug|Any CPU.Build.0 = Debug|Any CPU
		{B8A1BD25-7B87-4F1B-90D4-1D193C6170F7}.Release|Any CPU.ActiveCfg = Release|Any CPU
		{B8A1BD25-7B87-4F1B-90D4-1D193C6170F7}.Release|Any CPU.Build.0 = Release|Any CPU
	EndGlobalSection
	GlobalSection(SolutionProperties) = preSolution
		HideSolutionNode = FALSE
	EndGlobalSection
EndGlobal
